
Microsoft Visual Studio Solution File, Format Version 12.00
# Visual Studio Version 16
VisualStudioVersion = 16.0.29613.14
MinimumVisualStudioVersion = 10.0.40219.1
Project("{9A19103F-16F7-4668-BE54-9A1E7A4F7556}") = "StartWithAStarterBag", "StartWithAStarterBag.csproj", "{34513B19-BE09-4B9D-A125-6D1FAD710A9A}"
EndProject
Global
	GlobalSection(SolutionConfigurationPlatforms) = preSolution
		Debug|Any CPU = Debug|Any CPU
		Release|Any CPU = Release|Any CPU
	EndGlobalSection
	GlobalSection(ProjectConfigurationPlatforms) = postSolution
		{34513B19-BE09-4B9D-A125-6D1FAD710A9A}.Debug|Any CPU.ActiveCfg = Debug|Any CPU
		{34513B19-BE09-4B9D-A125-6D1FAD710A9A}.Debug|Any CPU.Build.0 = Debug|Any CPU
		{34513B19-BE09-4B9D-A125-6D1FAD710A9A}.Release|Any CPU.ActiveCfg = Release|Any CPU
		{34513B19-BE09-4B9D-A125-6D1FAD710A9A}.Release|Any CPU.Build.0 = Release|Any CPU
	EndGlobalSection
	GlobalSection(SolutionProperties) = preSolution
		HideSolutionNode = FALSE
	EndGlobalSection
	GlobalSection(ExtensibilityGlobals) = postSolution
		SolutionGuid = {1259EA8A-FD4A-4D51-A8CA-79C6F82A0240}
	EndGlobalSection
EndGlobal
